
Microsoft Visual Studio Solution File, Format Version 12.00
# Visual Studio 15
VisualStudioVersion = 15.0.28307.489
MinimumVisualStudioVersion = 10.0.40219.1
Project("{FAE04EC0-301F-11D3-BF4B-00C04F79EFBC}") = "NoteSharp", "NoteSharp\NoteSharp.csproj", "{D10ACBF9-D778-44B5-886D-7C26C661486F}"
EndProject
Global
	GlobalSection(SolutionConfigurationPlatforms) = preSolution
		Debug|Any CPU = Debug|Any CPU
		Release|Any CPU = Release|Any CPU
	EndGlobalSection
	GlobalSection(ProjectConfigurationPlatforms) = postSolution
		{D10ACBF9-D778-44B5-886D-7C26C661486F}.Debug|Any CPU.ActiveCfg = Debug|Any CPU
		{D10ACBF9-D778-44B5-886D-7C26C661486F}.Debug|Any CPU.Build.0 = Debug|Any CPU
		{D10ACBF9-D778-44B5-886D-7C26C661486F}.Release|Any CPU.ActiveCfg = Release|Any CPU
		{D10ACBF9-D778-44B5-886D-7C26C661486F}.Release|Any CPU.Build.0 = Release|Any CPU
	EndGlobalSection
	GlobalSection(SolutionProperties) = preSolution
		HideSolutionNode = FALSE
	EndGlobalSection
	GlobalSection(ExtensibilityGlobals) = postSolution
		SolutionGuid = {F81C9C84-B8C3-4AA2-8184-3993DC9098BE}
	EndGlobalSection
EndGlobal
